// !$*UTF8*$!
{
	archiveVersion = 1;
	classes = {
	};
	objectVersion = 46;
	objects = {

/* Begin PBXBuildFile section */
		121EA1541B567BE000438D63 /* Social.framework in Frameworks */ = {isa = PBXBuildFile; fileRef = 121EA1531B567BE000438D63 /* Social.framework */; };
		123E258B1B28A29B0016C82F /* x@2x.png in Resources */ = {isa = PBXBuildFile; fileRef = 123E258A1B28A29B0016C82F /* x@2x.png */; };
		123E258D1B28A2BE0016C82F /* o@2x.png in Resources */ = {isa = PBXBuildFile; fileRef = 123E258C1B28A2BE0016C82F /* o@2x.png */; };
		E89ED9AB1AE520460007DE7A /* AppDelegate.swift in Sources */ = {isa = PBXBuildFile; fileRef = E89ED9AA1AE520460007DE7A /* AppDelegate.swift */; };
		E89ED9B01AE520460007DE7A /* Main.storyboard in Resources */ = {isa = PBXBuildFile; fileRef = E89ED9AE1AE520460007DE7A /* Main.storyboard */; };
		E89ED9B21AE520460007DE7A /* Images.xcassets in Resources */ = {isa = PBXBuildFile; fileRef = E89ED9B11AE520460007DE7A /* Images.xcassets */; };
		E89ED9B51AE520460007DE7A /* LaunchScreen.xib in Resources */ = {isa = PBXBuildFile; fileRef = E89ED9B31AE520460007DE7A /* LaunchScreen.xib */; };
		E89ED9C11AE520470007DE7A /* FourInARowTests.swift in Sources */ = {isa = PBXBuildFile; fileRef = E89ED9C01AE520470007DE7A /* FourInARowTests.swift */; };
		E89ED9CE1AE522860007DE7A /* BrickImageView.swift in Sources */ = {isa = PBXBuildFile; fileRef = E89ED9CD1AE522850007DE7A /* BrickImageView.swift */; };
		E89ED9D11AE5234B0007DE7A /* GameManager.swift in Sources */ = {isa = PBXBuildFile; fileRef = E89ED9D01AE5234B0007DE7A /* GameManager.swift */; };
		E89EDA401AEF86FD0007DE7A /* MyGameCell.swift in Sources */ = {isa = PBXBuildFile; fileRef = E89EDA3F1AEF86FD0007DE7A /* MyGameCell.swift */; };
		E89EDA421AEF87920007DE7A /* CollectionViewGameBoardViewController.swift in Sources */ = {isa = PBXBuildFile; fileRef = E89EDA411AEF87920007DE7A /* CollectionViewGameBoardViewController.swift */; };
		E8AB1E471AF2348400741438 /* MainViewController.swift in Sources */ = {isa = PBXBuildFile; fileRef = E8AB1E461AF2348400741438 /* MainViewController.swift */; };
/* End PBXBuildFile section */

/* Begin PBXContainerItemProxy section */
		E89ED9BB1AE520470007DE7A /* PBXContainerItemProxy */ = {
			isa = PBXContainerItemProxy;
			containerPortal = E89ED99D1AE520460007DE7A /* Project object */;
			proxyType = 1;
			remoteGlobalIDString = E89ED9A41AE520460007DE7A;
			remoteInfo = FourInARow;
		};
/* End PBXContainerItemProxy section */

/* Begin PBXFileReference section */
		121EA1531B567BE000438D63 /* Social.framework */ = {isa = PBXFileReference; lastKnownFileType = wrapper.framework; name = Social.framework; path = System/Library/Frameworks/Social.framework; sourceTree = SDKROOT; };
		123E258A1B28A29B0016C82F /* x@2x.png */ = {isa = PBXFileReference; lastKnownFileType = image.png; name = "x@2x.png"; path = "../../x@2x.png"; sourceTree = "<group>"; };
		123E258C1B28A2BE0016C82F /* o@2x.png */ = {isa = PBXFileReference; lastKnownFileType = image.png; name = "o@2x.png"; path = "../../o@2x.png"; sourceTree = "<group>"; };
		E89ED9A51AE520460007DE7A /* FourInARow.app */ = {isa = PBXFileReference; explicitFileType = wrapper.application; includeInIndex = 0; path = FourInARow.app; sourceTree = BUILT_PRODUCTS_DIR; };
		E89ED9A91AE520460007DE7A /* Info.plist */ = {isa = PBXFileReference; lastKnownFileType = text.plist.xml; path = Info.plist; sourceTree = "<group>"; };
		E89ED9AA1AE520460007DE7A /* AppDelegate.swift */ = {isa = PBXFileReference; lastKnownFileType = sourcecode.swift; path = AppDelegate.swift; sourceTree = "<group>"; };
		E89ED9AF1AE520460007DE7A /* Base */ = {isa = PBXFileReference; lastKnownFileType = file.storyboard; name = Base; path = Base.lproj/Main.storyboard; sourceTree = "<group>"; };
		E89ED9B11AE520460007DE7A /* Images.xcassets */ = {isa = PBXFileReference; lastKnownFileType = folder.assetcatalog; path = Images.xcassets; sourceTree = "<group>"; };
		E89ED9B41AE520460007DE7A /* Base */ = {isa = PBXFileReference; lastKnownFileType = file.xib; name = Base; path = Base.lproj/LaunchScreen.xib; sourceTree = "<group>"; };
		E89ED9BA1AE520470007DE7A /* FourInARowTests.xctest */ = {isa = PBXFileReference; explicitFileType = wrapper.cfbundle; includeInIndex = 0; path = FourInARowTests.xctest; sourceTree = BUILT_PRODUCTS_DIR; };
		E89ED9BF1AE520470007DE7A /* Info.plist */ = {isa = PBXFileReference; lastKnownFileType = text.plist.xml; path = Info.plist; sourceTree = "<group>"; };
		E89ED9C01AE520470007DE7A /* FourInARowTests.swift */ = {isa = PBXFileReference; lastKnownFileType = sourcecode.swift; path = FourInARowTests.swift; sourceTree = "<group>"; };
		E89ED9CD1AE522850007DE7A /* BrickImageView.swift */ = {isa = PBXFileReference; fileEncoding = 4; lastKnownFileType = sourcecode.swift; path = BrickImageView.swift; sourceTree = "<group>"; };
		E89ED9D01AE5234B0007DE7A /* GameManager.swift */ = {isa = PBXFileReference; fileEncoding = 4; lastKnownFileType = sourcecode.swift; path = GameManager.swift; sourceTree = "<group>"; };
		E89EDA3F1AEF86FD0007DE7A /* MyGameCell.swift */ = {isa = PBXFileReference; fileEncoding = 4; lastKnownFileType = sourcecode.swift; name = MyGameCell.swift; path = ../MyGameCell.swift; sourceTree = "<group>"; };
		E89EDA411AEF87920007DE7A /* CollectionViewGameBoardViewController.swift */ = {isa = PBXFileReference; fileEncoding = 4; lastKnownFileType = sourcecode.swift; name = CollectionViewGameBoardViewController.swift; path = ../CollectionViewGameBoardViewController.swift; sourceTree = "<group>"; };
		E8AB1E461AF2348400741438 /* MainViewController.swift */ = {isa = PBXFileReference; fileEncoding = 4; lastKnownFileType = sourcecode.swift; path = MainViewController.swift; sourceTree = "<group>"; };
/* End PBXFileReference section */

/* Begin PBXFrameworksBuildPhase section */
		E89ED9A21AE520460007DE7A /* Frameworks */ = {
			isa = PBXFrameworksBuildPhase;
			buildActionMask = 2147483647;
			files = (
				121EA1541B567BE000438D63 /* Social.framework in Frameworks */,
			);
			runOnlyForDeploymentPostprocessing = 0;
		};
		E89ED9B71AE520470007DE7A /* Frameworks */ = {
			isa = PBXFrameworksBuildPhase;
			buildActionMask = 2147483647;
			files = (
			);
			runOnlyForDeploymentPostprocessing = 0;
		};
/* End PBXFrameworksBuildPhase section */

/* Begin PBXGroup section */
		E89ED99C1AE520460007DE7A = {
			isa = PBXGroup;
			children = (
				121EA1531B567BE000438D63 /* Social.framework */,
				E89ED9A71AE520460007DE7A /* FourInARow */,
				E89ED9BD1AE520470007DE7A /* FourInARowTests */,
				E89ED9A61AE520460007DE7A /* Products */,
			);
			sourceTree = "<group>";
		};
		E89ED9A61AE520460007DE7A /* Products */ = {
			isa = PBXGroup;
			children = (
				E89ED9A51AE520460007DE7A /* FourInARow.app */,
				E89ED9BA1AE520470007DE7A /* FourInARowTests.xctest */,
			);
			name = Products;
			sourceTree = "<group>";
		};
		E89ED9A71AE520460007DE7A /* FourInARow */ = {
			isa = PBXGroup;
			children = (
				E89EDA431AEF8EDB0007DE7A /* model */,
				E89EDA411AEF87920007DE7A /* CollectionViewGameBoardViewController.swift */,
				E89EDA3F1AEF86FD0007DE7A /* MyGameCell.swift */,
				E89ED9D21AE527890007DE7A /* images */,
				E89ED9CF1AE5230A0007DE7A /* model */,
				E89ED9CC1AE522390007DE7A /* view */,
				E89ED9AA1AE520460007DE7A /* AppDelegate.swift */,
				E89ED9AE1AE520460007DE7A /* Main.storyboard */,
				E89ED9B31AE520460007DE7A /* LaunchScreen.xib */,
				E89ED9B11AE520460007DE7A /* Images.xcassets */,
				E89ED9A81AE520460007DE7A /* Supporting Files */,
			);
			path = FourInARow;
			sourceTree = "<group>";
		};
		E89ED9A81AE520460007DE7A /* Supporting Files */ = {
			isa = PBXGroup;
			children = (
				E89ED9A91AE520460007DE7A /* Info.plist */,
			);
			name = "Supporting Files";
			sourceTree = "<group>";
		};
		E89ED9BD1AE520470007DE7A /* FourInARowTests */ = {
			isa = PBXGroup;
			children = (
				E89ED9C01AE520470007DE7A /* FourInARowTests.swift */,
				E89ED9BE1AE520470007DE7A /* Supporting Files */,
			);
			path = FourInARowTests;
			sourceTree = "<group>";
		};
		E89ED9BE1AE520470007DE7A /* Supporting Files */ = {
			isa = PBXGroup;
			children = (
				E89ED9BF1AE520470007DE7A /* Info.plist */,
			);
			name = "Supporting Files";
			sourceTree = "<group>";
		};
		E89ED9CC1AE522390007DE7A /* view */ = {
			isa = PBXGroup;
			children = (
				E89ED9CD1AE522850007DE7A /* BrickImageView.swift */,
			);
			name = view;
			sourceTree = "<group>";
		};
		E89ED9CF1AE5230A0007DE7A /* model */ = {
			isa = PBXGroup;
			children = (
				E89ED9D01AE5234B0007DE7A /* GameManager.swift */,
			);
			name = model;
			sourceTree = "<group>";
		};
		E89ED9D21AE527890007DE7A /* images */ = {
			isa = PBXGroup;
			children = (
				123E258A1B28A29B0016C82F /* x@2x.png */,
				123E258C1B28A2BE0016C82F /* o@2x.png */,
			);
			name = images;
			sourceTree = "<group>";
		};
		E89EDA431AEF8EDB0007DE7A /* model */ = {
			isa = PBXGroup;
			children = (
				E8AB1E461AF2348400741438 /* MainViewController.swift */,
			);
			name = model;
			sourceTree = "<group>";
		};
/* End PBXGroup section */

/* Begin PBXNativeTarget section */
		E89ED9A41AE520460007DE7A /* FourInARow */ = {
			isa = PBXNativeTarget;
			buildConfigurationList = E89ED9C41AE520470007DE7A /* Build configuration list for PBXNativeTarget "FourInARow" */;
			buildPhases = (
				E89ED9A11AE520460007DE7A /* Sources */,
				E89ED9A21AE520460007DE7A /* Frameworks */,
				E89ED9A31AE520460007DE7A /* Resources */,
			);
			buildRules = (
			);
			dependencies = (
			);
			name = FourInARow;
			productName = FourInARow;
			productReference = E89ED9A51AE520460007DE7A /* FourInARow.app */;
			productType = "com.apple.product-type.application";
		};
		E89ED9B91AE520470007DE7A /* FourInARowTests */ = {
			isa = PBXNativeTarget;
			buildConfigurationList = E89ED9C71AE520470007DE7A /* Build configuration list for PBXNativeTarget "FourInARowTests" */;
			buildPhases = (
				E89ED9B61AE520470007DE7A /* Sources */,
				E89ED9B71AE520470007DE7A /* Frameworks */,
				E89ED9B81AE520470007DE7A /* Resources */,
			);
			buildRules = (
			);
			dependencies = (
				E89ED9BC1AE520470007DE7A /* PBXTargetDependency */,
			);
			name = FourInARowTests;
			productName = FourInARowTests;
			productReference = E89ED9BA1AE520470007DE7A /* FourInARowTests.xctest */;
			productType = "com.apple.product-type.bundle.unit-test";
		};
/* End PBXNativeTarget section */

/* Begin PBXProject section */
		E89ED99D1AE520460007DE7A /* Project object */ = {
			isa = PBXProject;
			attributes = {
				LastUpgradeCheck = 0630;
				ORGANIZATIONNAME = "rony klein";
				TargetAttributes = {
					E89ED9A41AE520460007DE7A = {
						CreatedOnToolsVersion = 6.3;
					};
					E89ED9B91AE520470007DE7A = {
						CreatedOnToolsVersion = 6.3;
						TestTargetID = E89ED9A41AE520460007DE7A;
					};
				};
			};
			buildConfigurationList = E89ED9A01AE520460007DE7A /* Build configuration list for PBXProject "FourInARow" */;
			compatibilityVersion = "Xcode 3.2";
			developmentRegion = English;
			hasScannedForEncodings = 0;
			knownRegions = (
				en,
				Base,
			);
			mainGroup = E89ED99C1AE520460007DE7A;
			productRefGroup = E89ED9A61AE520460007DE7A /* Products */;
			projectDirPath = "";
			projectRoot = "";
			targets = (
				E89ED9A41AE520460007DE7A /* FourInARow */,
				E89ED9B91AE520470007DE7A /* FourInARowTests */,
			);
		};
/* End PBXProject section */

/* Begin PBXResourcesBuildPhase section */
		E89ED9A31AE520460007DE7A /* Resources */ = {
			isa = PBXResourcesBuildPhase;
			buildActionMask = 2147483647;
			files = (
				E89ED9B01AE520460007DE7A /* Main.storyboard in Resources */,
				123E258D1B28A2BE0016C82F /* o@2x.png in Resources */,
				E89ED9B51AE520460007DE7A /* LaunchScreen.xib in Resources */,
				E89ED9B21AE520460007DE7A /* Images.xcassets in Resources */,
				123E258B1B28A29B0016C82F /* x@2x.png in Resources */,
			);
			runOnlyForDeploymentPostprocessing = 0;
		};
		E89ED9B81AE520470007DE7A /* Resources */ = {
			isa = PBXResourcesBuildPhase;
			buildActionMask = 2147483647;
			files = (
			);
			runOnlyForDeploymentPostprocessing = 0;
		};
/* End PBXResourcesBuildPhase section */

/* Begin PBXSourcesBuildPhase section */
		E89ED9A11AE520460007DE7A /* Sources */ = {
			isa = PBXSourcesBuildPhase;
			buildActionMask = 2147483647;
			files = (
				E89ED9CE1AE522860007DE7A /* BrickImageView.swift in Sources */,
				E89ED9AB1AE520460007DE7A /* AppDelegate.swift in Sources */,
				E89ED9D11AE5234B0007DE7A /* GameManager.swift in Sources */,
				E8AB1E471AF2348400741438 /* MainViewController.swift in Sources */,
				E89EDA421AEF87920007DE7A /* CollectionViewGameBoardViewController.swift in Sources */,
				E89EDA401AEF86FD0007DE7A /* MyGameCell.swift in Sources */,
			);
			runOnlyForDeploymentPostprocessing = 0;
		};
		E89ED9B61AE520470007DE7A /* Sources */ = {
			isa = PBXSourcesBuildPhase;
			buildActionMask = 2147483647;
			files = (
				E89ED9C11AE520470007DE7A /* FourInARowTests.swift in Sources */,
			);
			runOnlyForDeploymentPostprocessing = 0;
		};
/* End PBXSourcesBuildPhase section */

/* Begin PBXTargetDependency section */
		E89ED9BC1AE520470007DE7A /* PBXTargetDependency */ = {
			isa = PBXTargetDependency;
			target = E89ED9A41AE520460007DE7A /* FourInARow */;
			targetProxy = E89ED9BB1AE520470007DE7A /* PBXContainerItemProxy */;
		};
/* End PBXTargetDependency section */

/* Begin PBXVariantGroup section */
		E89ED9AE1AE520460007DE7A /* Main.storyboard */ = {
			isa = PBXVariantGroup;
			children = (
				E89ED9AF1AE520460007DE7A /* Base */,
			);
			name = Main.storyboard;
			sourceTree = "<group>";
		};
		E89ED9B31AE520460007DE7A /* LaunchScreen.xib */ = {
			isa = PBXVariantGroup;
			children = (
				E89ED9B41AE520460007DE7A /* Base */,
			);
			name = LaunchScreen.xib;
			sourceTree = "<group>";
		};
/* End PBXVariantGroup section */

/* Begin XCBuildConfiguration section */
		E89ED9C21AE520470007DE7A /* Debug */ = {
			isa = XCBuildConfiguration;
			buildSettings = {
				ALWAYS_SEARCH_USER_PATHS = NO;
				CLANG_CXX_LANGUAGE_STANDARD = "gnu++0x";
				CLANG_CXX_LIBRARY = "libc++";
				CLANG_ENABLE_MODULES = YES;
				CLANG_ENABLE_OBJC_ARC = YES;
				CLANG_WARN_BOOL_CONVERSION = YES;
				CLANG_WARN_CONSTANT_CONVERSION = YES;
				CLANG_WARN_DIRECT_OBJC_ISA_USAGE = YES_ERROR;
				CLANG_WARN_EMPTY_BODY = YES;
				CLANG_WARN_ENUM_CONVERSION = YES;
				CLANG_WARN_INT_CONVERSION = YES;
				CLANG_WARN_OBJC_ROOT_CLASS = YES_ERROR;
				CLANG_WARN_UNREACHABLE_CODE = YES;
				CLANG_WARN__DUPLICATE_METHOD_MATCH = YES;
				"CODE_SIGN_IDENTITY[sdk=iphoneos*]" = "iPhone Developer";
				COPY_PHASE_STRIP = NO;
				DEBUG_INFORMATION_FORMAT = "dwarf-with-dsym";
				ENABLE_STRICT_OBJC_MSGSEND = YES;
				GCC_C_LANGUAGE_STANDARD = gnu99;
				GCC_DYNAMIC_NO_PIC = NO;
				GCC_NO_COMMON_BLOCKS = YES;
				GCC_OPTIMIZATION_LEVEL = 0;
				GCC_PREPROCESSOR_DEFINITIONS = (
					"DEBUG=1",
					"$(inherited)",
				);
				GCC_SYMBOLS_PRIVATE_EXTERN = NO;
				GCC_WARN_64_TO_32_BIT_CONVERSION = YES;
				GCC_WARN_ABOUT_RETURN_TYPE = YES_ERROR;
				GCC_WARN_UNDECLARED_SELECTOR = YES;
				GCC_WARN_UNINITIALIZED_AUTOS = YES_AGGRESSIVE;
				GCC_WARN_UNUSED_FUNCTION = YES;
				GCC_WARN_UNUSED_VARIABLE = YES;
				IPHONEOS_DEPLOYMENT_TARGET = 8.3;
				MTL_ENABLE_DEBUG_INFO = YES;
				ONLY_ACTIVE_ARCH = YES;
				SDKROOT = iphoneos;
				SWIFT_OPTIMIZATION_LEVEL = "-Onone";
				TARGETED_DEVICE_FAMILY = "1,2";
			};
			name = Debug;
		};
		E89ED9C31AE520470007DE7A /* Release */ = {
			isa = XCBuildConfiguration;
			buildSettings = {
				ALWAYS_SEARCH_USER_PATHS = NO;
				CLANG_CXX_LANGUAGE_STANDARD = "gnu++0x";
				CLANG_CXX_LIBRARY = "libc++";
				CLANG_ENABLE_MODULES = YES;
				CLANG_ENABLE_OBJC_ARC = YES;
				CLANG_WARN_BOOL_CONVERSION = YES;
				CLANG_WARN_CONSTANT_CONVERSION = YES;
				CLANG_WARN_DIRECT_OBJC_ISA_USAGE = YES_ERROR;
				CLANG_WARN_EMPTY_BODY = YES;
				CLANG_WARN_ENUM_CONVERSION = YES;
				CLANG_WARN_INT_CONVERSION = YES;
				CLANG_WARN_OBJC_ROOT_CLASS = YES_ERROR;
				CLANG_WARN_UNREACHABLE_CODE = YES;
				CLANG_WARN__DUPLICATE_METHOD_MATCH = YES;
				"CODE_SIGN_IDENTITY[sdk=iphoneos*]" = "iPhone Developer";
				COPY_PHASE_STRIP = NO;
				DEBUG_INFORMATION_FORMAT = "dwarf-with-dsym";
				ENABLE_NS_ASSERTIONS = NO;
				ENABLE_STRICT_OBJC_MSGSEND = YES;
				GCC_C_LANGUAGE_STANDARD = gnu99;
				GCC_NO_COMMON_BLOCKS = YES;
				GCC_WARN_64_TO_32_BIT_CONVERSION = YES;
				GCC_WARN_ABOUT_RETURN_TYPE = YES_ERROR;
				GCC_WARN_UNDECLARED_SELECTOR = YES;
				GCC_WARN_UNINITIALIZED_AUTOS = YES_AGGRESSIVE;
				GCC_WARN_UNUSED_FUNCTION = YES;
				GCC_WARN_UNUSED_VARIABLE = YES;
				IPHONEOS_DEPLOYMENT_TARGET = 8.3;
				MTL_ENABLE_DEBUG_INFO = NO;
				SDKROOT = iphoneos;
				TARGETED_DEVICE_FAMILY = "1,2";
				VALIDATE_PRODUCT = YES;
			};
			name = Release;
		};
		E89ED9C51AE520470007DE7A /* Debug */ = {
			isa = XCBuildConfiguration;
			buildSettings = {
				ASSETCATALOG_COMPILER_APPICON_NAME = AppIcon;
				INFOPLIST_FILE = FourInARow/Info.plist;
				LD_RUNPATH_SEARCH_PATHS = "$(inherited) @executable_path/Frameworks";
				PRODUCT_NAME = "$(TARGET_NAME)";
			};
			name = Debug;
		};
		E89ED9C61AE520470007DE7A /* Release */ = {
			isa = XCBuildConfiguration;
			buildSettings = {
				ASSETCATALOG_COMPILER_APPICON_NAME = AppIcon;
				INFOPLIST_FILE = FourInARow/Info.plist;
				LD_RUNPATH_SEARCH_PATHS = "$(inherited) @executable_path/Frameworks";
				PRODUCT_NAME = "$(TARGET_NAME)";
			};
			name = Release;
		};
		E89ED9C81AE520470007DE7A /* Debug */ = {
			isa = XCBuildConfiguration;
			buildSettings = {
				BUNDLE_LOADER = "$(TEST_HOST)";
				FRAMEWORK_SEARCH_PATHS = (
					"$(SDKROOT)/Developer/Library/Frameworks",
					"$(inherited)",
				);
				GCC_PREPROCESSOR_DEFINITIONS = (
					"DEBUG=1",
					"$(inherited)",
				);
				INFOPLIST_FILE = FourInARowTests/Info.plist;
				LD_RUNPATH_SEARCH_PATHS = "$(inherited) @executable_path/Frameworks @loader_path/Frameworks";
				PRODUCT_NAME = "$(TARGET_NAME)";
				TEST_HOST = "$(BUILT_PRODUCTS_DIR)/FourInARow.app/FourInARow";
			};
			name = Debug;
		};
		E89ED9C91AE520470007DE7A /* Release */ = {
			isa = XCBuildConfiguration;
			buildSettings = {
				BUNDLE_LOADER = "$(TEST_HOST)";
				FRAMEWORK_SEARCH_PATHS = (
					"$(SDKROOT)/Developer/Library/Frameworks",
					"$(inherited)",
				);
				INFOPLIST_FILE = FourInARowTests/Info.plist;
				LD_RUNPATH_SEARCH_PATHS = "$(inherited) @executable_path/Frameworks @loader_path/Frameworks";
				PRODUCT_NAME = "$(TARGET_NAME)";
				TEST_HOST = "$(BUILT_PRODUCTS_DIR)/FourInARow.app/FourInARow";
			};
			name = Release;
		};
/* End XCBuildConfiguration section */

/* Begin XCConfigurationList section */
		E89ED9A01AE520460007DE7A /* Build configuration list for PBXProject "FourInARow" */ = {
			isa = XCConfigurationList;
			buildConfigurations = (
				E89ED9C21AE520470007DE7A /* Debug */,
				E89ED9C31AE520470007DE7A /* Release */,
			);
			defaultConfigurationIsVisible = 0;
			defaultConfigurationName = Release;
		};
		E89ED9C41AE520470007DE7A /* Build configuration list for PBXNativeTarget "FourInARow" */ = {
			isa = XCConfigurationList;
			buildConfigurations = (
				E89ED9C51AE520470007DE7A /* Debug */,
				E89ED9C61AE520470007DE7A /* Release */,
			);
			defaultConfigurationIsVisible = 0;
			defaultConfigurationName = Release;
		};
		E89ED9C71AE520470007DE7A /* Build configuration list for PBXNativeTarget "FourInARowTests" */ = {
			isa = XCConfigurationList;
			buildConfigurations = (
				E89ED9C81AE520470007DE7A /* Debug */,
				E89ED9C91AE520470007DE7A /* Release */,
			);
			defaultConfigurationIsVisible = 0;
			defaultConfigurationName = Release;
		};
/* End XCConfigurationList section */
	};
	rootObject = E89ED99D1AE520460007DE7A /* Project object */;
}
